
Microsoft Visual Studio Solution File, Format Version 12.00
Project("{FAE04EC0-301F-11D3-BF4B-00C04F79EFBC}") = "FvpScriptRunner", "FvpScriptRunner\FvpScriptRunner.csproj", "{60675A94-E74F-4592-8227-9E705AD7AED2}"
EndProject
Project("{FAE04EC0-301F-11D3-BF4B-00C04F79EFBC}") = "FvpScriptRunner.Test", "FvpScriptRunner.Test\FvpScriptRunner.Test.csproj", "{30319662-A90F-4F99-AABB-163A9841481D}"
EndProject
Global
	GlobalSection(SolutionConfigurationPlatforms) = preSolution
		Debug|Any CPU = Debug|Any CPU
		Release|Any CPU = Release|Any CPU
	EndGlobalSection
	GlobalSection(ProjectConfigurationPlatforms) = postSolution
		{60675A94-E74F-4592-8227-9E705AD7AED2}.Debug|Any CPU.ActiveCfg = Debug|Any CPU
		{60675A94-E74F-4592-8227-9E705AD7AED2}.Debug|Any CPU.Build.0 = Debug|Any CPU
		{60675A94-E74F-4592-8227-9E705AD7AED2}.Release|Any CPU.ActiveCfg = Release|Any CPU
		{60675A94-E74F-4592-8227-9E705AD7AED2}.Release|Any CPU.Build.0 = Release|Any CPU
		{30319662-A90F-4F99-AABB-163A9841481D}.Debug|Any CPU.ActiveCfg = Debug|Any CPU
		{30319662-A90F-4F99-AABB-163A9841481D}.Debug|Any CPU.Build.0 = Debug|Any CPU
		{30319662-A90F-4F99-AABB-163A9841481D}.Release|Any CPU.ActiveCfg = Release|Any CPU
		{30319662-A90F-4F99-AABB-163A9841481D}.Release|Any CPU.Build.0 = Release|Any CPU
	EndGlobalSection
EndGlobal
